
Microsoft Visual Studio Solution File, Format Version 12.00
# Visual Studio Version 17
VisualStudioVersion = 17.14.36623.8 d17.14
MinimumVisualStudioVersion = 10.0.40219.1
Project("{FAE04EC0-301F-11D3-BF4B-00C04F79EFBC}") = "BODA VISION AI", "BODA VISION AI\BODA VISION AI.csproj", "{52B898F8-032D-4027-ACD5-A788EE1B3525}"
EndProject
Global
	GlobalSection(SolutionConfigurationPlatforms) = preSolution
		Debug|Any CPU = Debug|Any CPU
		Release|Any CPU = Release|Any CPU
	EndGlobalSection
	GlobalSection(ProjectConfigurationPlatforms) = postSolution
		{52B898F8-032D-4027-ACD5-A788EE1B3525}.Debug|Any CPU.ActiveCfg = Debug|Any CPU
		{52B898F8-032D-4027-ACD5-A788EE1B3525}.Debug|Any CPU.Build.0 = Debug|Any CPU
		{52B898F8-032D-4027-ACD5-A788EE1B3525}.Release|Any CPU.ActiveCfg = Release|Any CPU
		{52B898F8-032D-4027-ACD5-A788EE1B3525}.Release|Any CPU.Build.0 = Release|Any CPU
	EndGlobalSection
	GlobalSection(SolutionProperties) = preSolution
		HideSolutionNode = FALSE
	EndGlobalSection
	GlobalSection(ExtensibilityGlobals) = postSolution
		SolutionGuid = {89F8BB0E-6B7B-427F-8351-2B5B7650A9A0}
	EndGlobalSection
EndGlobal
